
Microsoft Visual Studio Solution File, Format Version 12.00
# Visual Studio 15
VisualStudioVersion = 15.0.27004.2010
MinimumVisualStudioVersion = 10.0.40219.1
Project("{FAE04EC0-301F-11D3-BF4B-00C04F79EFBC}") = "AngularMvc5", "AngularMvc5\AngularMvc5.csproj", "{A443EC7F-ECC6-4FAC-AC03-B5022CFBADB8}"
EndProject
Global
	GlobalSection(SolutionConfigurationPlatforms) = preSolution
		Debug|Any CPU = Debug|Any CPU
		Release|Any CPU = Release|Any CPU
	EndGlobalSection
	GlobalSection(ProjectConfigurationPlatforms) = postSolution
		{A443EC7F-ECC6-4FAC-AC03-B5022CFBADB8}.Debug|Any CPU.ActiveCfg = Debug|Any CPU
		{A443EC7F-ECC6-4FAC-AC03-B5022CFBADB8}.Debug|Any CPU.Build.0 = Debug|Any CPU
		{A443EC7F-ECC6-4FAC-AC03-B5022CFBADB8}.Release|Any CPU.ActiveCfg = Release|Any CPU
		{A443EC7F-ECC6-4FAC-AC03-B5022CFBADB8}.Release|Any CPU.Build.0 = Release|Any CPU
	EndGlobalSection
	GlobalSection(SolutionProperties) = preSolution
		HideSolutionNode = FALSE
	EndGlobalSection
	GlobalSection(ExtensibilityGlobals) = postSolution
		SolutionGuid = {5338562C-5017-4689-958E-B3BF37148248}
	EndGlobalSection
EndGlobal
